
Microsoft Visual Studio Solution File, Format Version 12.00
# Visual Studio Version 17
VisualStudioVersion = 17.2.32616.157
MinimumVisualStudioVersion = 10.0.40219.1
Project("{FAE04EC0-301F-11D3-BF4B-00C04F79EFBC}") = "socialLogin", "socialLogin\socialLogin.csproj", "{ECB7BE25-2495-457A-A5F7-46A4A7077C1A}"
EndProject
Global
	GlobalSection(SolutionConfigurationPlatforms) = preSolution
		Debug|Any CPU = Debug|Any CPU
		Release|Any CPU = Release|Any CPU
	EndGlobalSection
	GlobalSection(ProjectConfigurationPlatforms) = postSolution
		{ECB7BE25-2495-457A-A5F7-46A4A7077C1A}.Debug|Any CPU.ActiveCfg = Debug|Any CPU
		{ECB7BE25-2495-457A-A5F7-46A4A7077C1A}.Debug|Any CPU.Build.0 = Debug|Any CPU
		{ECB7BE25-2495-457A-A5F7-46A4A7077C1A}.Release|Any CPU.ActiveCfg = Release|Any CPU
		{ECB7BE25-2495-457A-A5F7-46A4A7077C1A}.Release|Any CPU.Build.0 = Release|Any CPU
	EndGlobalSection
	GlobalSection(SolutionProperties) = preSolution
		HideSolutionNode = FALSE
	EndGlobalSection
	GlobalSection(ExtensibilityGlobals) = postSolution
		SolutionGuid = {BAC42E29-E9AA-40A1-B6DA-E8796BC7F215}
	EndGlobalSection
EndGlobal
